<?xml version="1.0" encoding="utf-8"?>
<Project ToolsVersion="4.0" xmlns="http://schemas.microsoft.com/developer/msbuild/2003">
  <ItemGroup>
    <Filter Include="Quelldateien">
      <UniqueIdentifier>{4FC737F1-C7A5-4376-A066-2A32D752A2FF}</UniqueIdentifier>
      <Extensions>cpp;c;cc;cxx;def;odl;idl;hpj;bat;asm;asmx</Extensions>
    </Filter>
    <Filter Include="Headerdateien">
      <UniqueIdentifier>{93995380-89BD-4b04-88EB-625FBE52EBFB}</UniqueIdentifier>
      <Extensions>h;hh;hpp;hxx;hm;inl;inc;xsd</Extensions>
    </Filter>
    <Filter Include="Ressourcendateien">
      <UniqueIdentifier>{67DA6AB6-F800-4c08-8B7A-83BB121AAD01}</UniqueIdentifier>
      <Extensions>rc;ico;cur;bmp;dlg;rc2;rct;bin;rgs;gif;jpg;jpeg;jpe;resx;tiff;tif;png;wav;mfcribbon-ms</Extensions>
    </Filter>
    <Filter Include="Headerdateien\Games">
      <UniqueIdentifier>{f0cee8f4-c503-4f16-8655-87922869af90}</UniqueIdentifier>
    </Filter>
    <Filter Include="Quelldateien\Games">
      <UniqueIdentifier>{a5377162-8330-49fd-a52f-48be216e7bed}</UniqueIdentifier>
    </Filter>
    <Filter Include="Headerdateien\Games\Tetris">
      <UniqueIdentifier>{93b32c8b-cf3c-4f6d-8429-58623b6c9572}</UniqueIdentifier>
    </Filter>
    <Filter Include="Quelldateien\Games\Tetris">
      <UniqueIdentifier>{d754658a-a46b-466a-84e9-73dacc7d0f2a}</UniqueIdentifier>
    </Filter>
  </ItemGroup>
  <ItemGroup>
    <ClInclude Include="include\Bitmap.h">
      <Filter>Headerdateien</Filter>
    </ClInclude>
    <ClInclude Include="include\Controller.h">
      <Filter>Headerdateien</Filter>
    </ClInclude>
    <ClInclude Include="include\GameController.hpp">
      <Filter>Headerdateien\Games</Filter>
    </ClInclude>
    <ClInclude Include="include\IGame.h">
      <Filter>Headerdateien\Games</Filter>
    </ClInclude>
    <ClInclude Include="include\LEDMatrix.h">
      <Filter>Headerdateien</Filter>
    </ClInclude>
    <ClInclude Include="include\Math.hpp">
      <Filter>Headerdateien</Filter>
    </ClInclude>
    <ClInclude Include="include\RGB.h">
      <Filter>Headerdateien</Filter>
    </ClInclude>
    <ClInclude Include="include\Serial.h">
      <Filter>Headerdateien</Filter>
    </ClInclude>
    <ClInclude Include="include\Shape.h">
      <Filter>Headerdateien</Filter>
    </ClInclude>
    <ClInclude Include="include\Tetris.h">
      <Filter>Headerdateien\Games\Tetris</Filter>
    </ClInclude>
    <ClInclude Include="include\Tetromino.h">
      <Filter>Headerdateien\Games\Tetris</Filter>
    </ClInclude>
    <ClInclude Include="include\RenderImage.h">
      <Filter>Headerdateien</Filter>
    </ClInclude>
  </ItemGroup>
  <ItemGroup>
    <ClCompile Include="src\Bitmap.cpp">
      <Filter>Quelldateien</Filter>
    </ClCompile>
    <ClCompile Include="src\Controller.cpp">
      <Filter>Quelldateien</Filter>
    </ClCompile>
    <ClCompile Include="src\IGame.cpp">
      <Filter>Quelldateien\Games</Filter>
    </ClCompile>
    <ClCompile Include="src\LEDMatrix.cpp">
      <Filter>Quelldateien</Filter>
    </ClCompile>
    <ClCompile Include="src\main.cpp">
      <Filter>Quelldateien</Filter>
    </ClCompile>
    <ClCompile Include="src\Serial.cpp">
      <Filter>Quelldateien</Filter>
    </ClCompile>
    <ClCompile Include="src\Shape.cpp">
      <Filter>Quelldateien</Filter>
    </ClCompile>
    <ClCompile Include="src\Tetris.cpp">
      <Filter>Quelldateien\Games\Tetris</Filter>
    </ClCompile>
    <ClCompile Include="src\Tetromino.cpp">
      <Filter>Quelldateien\Games\Tetris</Filter>
    </ClCompile>
    <ClCompile Include="include\RenderImage.cpp">
      <Filter>Quelldateien</Filter>
    </ClCompile>
  </ItemGroup>
</Project>